
Microsoft Visual Studio Solution File, Format Version 12.00
# Visual Studio Version 17
VisualStudioVersion = 17.0.32014.148
MinimumVisualStudioVersion = 10.0.40219.1
Project("{FAE04EC0-301F-11D3-BF4B-00C04F79EFBC}") = "NeuralNetLibrary", "NeuralNetLibrary\NeuralNetLibrary.csproj", "{312FF440-1415-4169-8AD3-C1FD4F9ECDBB}"
EndProject
Project("{FAE04EC0-301F-11D3-BF4B-00C04F79EFBC}") = "NeuralNetConsole", "NeuralNetConsole\NeuralNetConsole.csproj", "{0EEC702D-CDC8-496A-B530-1BE675BB777F}"
EndProject
Global
	GlobalSection(SolutionConfigurationPlatforms) = preSolution
		Debug|Any CPU = Debug|Any CPU
		Release|Any CPU = Release|Any CPU
	EndGlobalSection
	GlobalSection(ProjectConfigurationPlatforms) = postSolution
		{312FF440-1415-4169-8AD3-C1FD4F9ECDBB}.Debug|Any CPU.ActiveCfg = Debug|Any CPU
		{312FF440-1415-4169-8AD3-C1FD4F9ECDBB}.Debug|Any CPU.Build.0 = Debug|Any CPU
		{312FF440-1415-4169-8AD3-C1FD4F9ECDBB}.Release|Any CPU.ActiveCfg = Release|Any CPU
		{312FF440-1415-4169-8AD3-C1FD4F9ECDBB}.Release|Any CPU.Build.0 = Release|Any CPU
		{0EEC702D-CDC8-496A-B530-1BE675BB777F}.Debug|Any CPU.ActiveCfg = Debug|Any CPU
		{0EEC702D-CDC8-496A-B530-1BE675BB777F}.Debug|Any CPU.Build.0 = Debug|Any CPU
		{0EEC702D-CDC8-496A-B530-1BE675BB777F}.Release|Any CPU.ActiveCfg = Release|Any CPU
		{0EEC702D-CDC8-496A-B530-1BE675BB777F}.Release|Any CPU.Build.0 = Release|Any CPU
	EndGlobalSection
	GlobalSection(SolutionProperties) = preSolution
		HideSolutionNode = FALSE
	EndGlobalSection
	GlobalSection(ExtensibilityGlobals) = postSolution
		SolutionGuid = {82F8D4C0-0926-424C-9627-E2A573E9F837}
	EndGlobalSection
EndGlobal
